
Microsoft Visual Studio Solution File, Format Version 12.00
# Visual Studio 2015
Project("{FAE04EC0-301F-11D3-BF4B-00C04F79EFBC}") = "RPGMerchant.Plugins", "RPGMerchant.Plugins.csproj", "{578BCCE1-9EEF-C894-5F7C-18A5A6903CE2}"
EndProject
Project("{FAE04EC0-301F-11D3-BF4B-00C04F79EFBC}") = "RPGMerchant", "RPGMerchant.csproj", "{5BAC1253-5EBD-7DDE-85CB-0658C2DD8556}"
EndProject
Project("{FAE04EC0-301F-11D3-BF4B-00C04F79EFBC}") = "RPGMerchant.Editor.Plugins", "RPGMerchant.Editor.Plugins.csproj", "{0E9940DF-64E1-FD0C-FA0E-AB88E5E51F05}"
EndProject
Project("{FAE04EC0-301F-11D3-BF4B-00C04F79EFBC}") = "RPGMerchant.Editor", "RPGMerchant.Editor.csproj", "{EC077229-3F61-C0FA-A3E0-D55CE082E652}"
EndProject
Global
	GlobalSection(SolutionConfigurationPlatforms) = preSolution
		Debug|Any CPU = Debug|Any CPU
		Release|Any CPU = Release|Any CPU
	EndGlobalSection
	GlobalSection(ProjectConfigurationPlatforms) = postSolution
		{578BCCE1-9EEF-C894-5F7C-18A5A6903CE2}.Debug|Any CPU.ActiveCfg = Debug|Any CPU
		{578BCCE1-9EEF-C894-5F7C-18A5A6903CE2}.Debug|Any CPU.Build.0 = Debug|Any CPU
		{578BCCE1-9EEF-C894-5F7C-18A5A6903CE2}.Release|Any CPU.ActiveCfg = Release|Any CPU
		{578BCCE1-9EEF-C894-5F7C-18A5A6903CE2}.Release|Any CPU.Build.0 = Release|Any CPU
		{5BAC1253-5EBD-7DDE-85CB-0658C2DD8556}.Debug|Any CPU.ActiveCfg = Debug|Any CPU
		{5BAC1253-5EBD-7DDE-85CB-0658C2DD8556}.Debug|Any CPU.Build.0 = Debug|Any CPU
		{5BAC1253-5EBD-7DDE-85CB-0658C2DD8556}.Release|Any CPU.ActiveCfg = Release|Any CPU
		{5BAC1253-5EBD-7DDE-85CB-0658C2DD8556}.Release|Any CPU.Build.0 = Release|Any CPU
		{0E9940DF-64E1-FD0C-FA0E-AB88E5E51F05}.Debug|Any CPU.ActiveCfg = Debug|Any CPU
		{0E9940DF-64E1-FD0C-FA0E-AB88E5E51F05}.Debug|Any CPU.Build.0 = Debug|Any CPU
		{0E9940DF-64E1-FD0C-FA0E-AB88E5E51F05}.Release|Any CPU.ActiveCfg = Release|Any CPU
		{0E9940DF-64E1-FD0C-FA0E-AB88E5E51F05}.Release|Any CPU.Build.0 = Release|Any CPU
		{EC077229-3F61-C0FA-A3E0-D55CE082E652}.Debug|Any CPU.ActiveCfg = Debug|Any CPU
		{EC077229-3F61-C0FA-A3E0-D55CE082E652}.Debug|Any CPU.Build.0 = Debug|Any CPU
		{EC077229-3F61-C0FA-A3E0-D55CE082E652}.Release|Any CPU.ActiveCfg = Release|Any CPU
		{EC077229-3F61-C0FA-A3E0-D55CE082E652}.Release|Any CPU.Build.0 = Release|Any CPU
	EndGlobalSection
	GlobalSection(SolutionProperties) = preSolution
		HideSolutionNode = FALSE
	EndGlobalSection
EndGlobal
